dependencies:
- name: infra-preview-environments-ingress
  repository: oci://registry.camunda.cloud/library
  version: 1.8.1
- name: camunda-platform
  repository: https://helm.camunda.io
  version: 14.0.0-alpha4
digest: sha256:9d94d8945bb2ca7114ca2a8b7edd2c8b29741ba3653fd3ce09ddf9b86108b9dd
generated: "2026-02-11T07:15:05.268640556Z"
